
Microsoft Visual Studio Solution File, Format Version 12.00
# Visual Studio Version 16
VisualStudioVersion = 16.0.30717.126
MinimumVisualStudioVersion = 10.0.40219.1
Project("{FAE04EC0-301F-11D3-BF4B-00C04F79EFBC}") = "ConsoleApp4", "ConsoleApp4.csproj", "{3E1D97E9-1725-4BC7-8A29-348F7CA373E8}"
EndProject
Global
	GlobalSection(SolutionConfigurationPlatforms) = preSolution
		Debug|Any CPU = Debug|Any CPU
		Release|Any CPU = Release|Any CPU
	EndGlobalSection
	GlobalSection(ProjectConfigurationPlatforms) = postSolution
		{3E1D97E9-1725-4BC7-8A29-348F7CA373E8}.Debug|Any CPU.ActiveCfg = Debug|Any CPU
		{3E1D97E9-1725-4BC7-8A29-348F7CA373E8}.Debug|Any CPU.Build.0 = Debug|Any CPU
		{3E1D97E9-1725-4BC7-8A29-348F7CA373E8}.Release|Any CPU.ActiveCfg = Release|Any CPU
		{3E1D97E9-1725-4BC7-8A29-348F7CA373E8}.Release|Any CPU.Build.0 = Release|Any CPU
	EndGlobalSection
	GlobalSection(SolutionProperties) = preSolution
		HideSolutionNode = FALSE
	EndGlobalSection
	GlobalSection(ExtensibilityGlobals) = postSolution
		SolutionGuid = {EF103941-8EEF-422A-8E36-F1FD9F599A2A}
	EndGlobalSection
EndGlobal
